
Microsoft Visual Studio Solution File, Format Version 12.00
# Visual Studio Version 17
VisualStudioVersion = 17.11.35312.102
MinimumVisualStudioVersion = 10.0.40219.1
Project("{FAE04EC0-301F-11D3-BF4B-00C04F79EFBC}") = "OnlineWeatherService", "OnlineWeatherService\OnlineWeatherService.csproj", "{DBF55658-FB90-4F71-A9EB-9BB62D463DD1}"
EndProject
Global
	GlobalSection(SolutionConfigurationPlatforms) = preSolution
		Debug|Any CPU = Debug|Any CPU
		Release|Any CPU = Release|Any CPU
	EndGlobalSection
	GlobalSection(ProjectConfigurationPlatforms) = postSolution
		{DBF55658-FB90-4F71-A9EB-9BB62D463DD1}.Debug|Any CPU.ActiveCfg = Debug|Any CPU
		{DBF55658-FB90-4F71-A9EB-9BB62D463DD1}.Debug|Any CPU.Build.0 = Debug|Any CPU
		{DBF55658-FB90-4F71-A9EB-9BB62D463DD1}.Release|Any CPU.ActiveCfg = Release|Any CPU
		{DBF55658-FB90-4F71-A9EB-9BB62D463DD1}.Release|Any CPU.Build.0 = Release|Any CPU
	EndGlobalSection
	GlobalSection(SolutionProperties) = preSolution
		HideSolutionNode = FALSE
	EndGlobalSection
	GlobalSection(ExtensibilityGlobals) = postSolution
		SolutionGuid = {D47EED9A-8BE0-40A3-B453-A45E8911B19E}
	EndGlobalSection
EndGlobal
